
Microsoft Visual Studio Solution File, Format Version 12.00
# Visual Studio 15
VisualStudioVersion = 15.0.28010.2003
MinimumVisualStudioVersion = 10.0.40219.1
Project("{FAE04EC0-301F-11D3-BF4B-00C04F79EFBC}") = "Question 3  Assignment 1 Collections", "Question 3  Assignment 1 Collections\Question 3  Assignment 1 Collections.csproj", "{9B3A0B9B-F800-4011-A06B-7A582B5F36B2}"
EndProject
Global
	GlobalSection(SolutionConfigurationPlatforms) = preSolution
		Debug|Any CPU = Debug|Any CPU
		Release|Any CPU = Release|Any CPU
	EndGlobalSection
	GlobalSection(ProjectConfigurationPlatforms) = postSolution
		{9B3A0B9B-F800-4011-A06B-7A582B5F36B2}.Debug|Any CPU.ActiveCfg = Debug|Any CPU
		{9B3A0B9B-F800-4011-A06B-7A582B5F36B2}.Debug|Any CPU.Build.0 = Debug|Any CPU
		{9B3A0B9B-F800-4011-A06B-7A582B5F36B2}.Release|Any CPU.ActiveCfg = Release|Any CPU
		{9B3A0B9B-F800-4011-A06B-7A582B5F36B2}.Release|Any CPU.Build.0 = Release|Any CPU
	EndGlobalSection
	GlobalSection(SolutionProperties) = preSolution
		HideSolutionNode = FALSE
	EndGlobalSection
	GlobalSection(ExtensibilityGlobals) = postSolution
		SolutionGuid = {31EC7464-BF4E-4D59-83A5-1361299AB30A}
	EndGlobalSection
EndGlobal
