
Microsoft Visual Studio Solution File, Format Version 12.00
# Visual Studio 15
VisualStudioVersion = 15.0.28010.2003
MinimumVisualStudioVersion = 10.0.40219.1
Project("{FAE04EC0-301F-11D3-BF4B-00C04F79EFBC}") = "Question 1  Assignment 1 Collections", "Question 1  Assignment 1 Collections\Question 1  Assignment 1 Collections.csproj", "{C06AAB8F-735D-4A50-A70B-002756D247D6}"
EndProject
Global
	GlobalSection(SolutionConfigurationPlatforms) = preSolution
		Debug|Any CPU = Debug|Any CPU
		Release|Any CPU = Release|Any CPU
	EndGlobalSection
	GlobalSection(ProjectConfigurationPlatforms) = postSolution
		{C06AAB8F-735D-4A50-A70B-002756D247D6}.Debug|Any CPU.ActiveCfg = Debug|Any CPU
		{C06AAB8F-735D-4A50-A70B-002756D247D6}.Debug|Any CPU.Build.0 = Debug|Any CPU
		{C06AAB8F-735D-4A50-A70B-002756D247D6}.Release|Any CPU.ActiveCfg = Release|Any CPU
		{C06AAB8F-735D-4A50-A70B-002756D247D6}.Release|Any CPU.Build.0 = Release|Any CPU
	EndGlobalSection
	GlobalSection(SolutionProperties) = preSolution
		HideSolutionNode = FALSE
	EndGlobalSection
	GlobalSection(ExtensibilityGlobals) = postSolution
		SolutionGuid = {D914EDB1-E254-48AD-B320-80723ED3F276}
	EndGlobalSection
EndGlobal
